
Microsoft Visual Studio Solution File, Format Version 12.00
# Visual Studio Version 17
VisualStudioVersion = 17.1.32407.343
MinimumVisualStudioVersion = 10.0.40219.1
Project("{9A19103F-16F7-4668-BE54-9A1E7A4F7556}") = "SuggestionAppUI", "SuggestionAppUI\SuggestionAppUI.csproj", "{27C4DA2D-5CE0-4321-B0CF-514C4A87E816}"
EndProject
Project("{9A19103F-16F7-4668-BE54-9A1E7A4F7556}") = "SuggestionAppLibrary", "SuggestionAppLibrary\SuggestionAppLibrary.csproj", "{04299F67-3A43-450F-AA38-395D4AD6BA23}"
EndProject
Global
	GlobalSection(SolutionConfigurationPlatforms) = preSolution
		Debug|Any CPU = Debug|Any CPU
		Release|Any CPU = Release|Any CPU
	EndGlobalSection
	GlobalSection(ProjectConfigurationPlatforms) = postSolution
		{27C4DA2D-5CE0-4321-B0CF-514C4A87E816}.Debug|Any CPU.ActiveCfg = Debug|Any CPU
		{27C4DA2D-5CE0-4321-B0CF-514C4A87E816}.Debug|Any CPU.Build.0 = Debug|Any CPU
		{27C4DA2D-5CE0-4321-B0CF-514C4A87E816}.Release|Any CPU.ActiveCfg = Release|Any CPU
		{27C4DA2D-5CE0-4321-B0CF-514C4A87E816}.Release|Any CPU.Build.0 = Release|Any CPU
		{04299F67-3A43-450F-AA38-395D4AD6BA23}.Debug|Any CPU.ActiveCfg = Debug|Any CPU
		{04299F67-3A43-450F-AA38-395D4AD6BA23}.Debug|Any CPU.Build.0 = Debug|Any CPU
		{04299F67-3A43-450F-AA38-395D4AD6BA23}.Release|Any CPU.ActiveCfg = Release|Any CPU
		{04299F67-3A43-450F-AA38-395D4AD6BA23}.Release|Any CPU.Build.0 = Release|Any CPU
	EndGlobalSection
	GlobalSection(SolutionProperties) = preSolution
		HideSolutionNode = FALSE
	EndGlobalSection
	GlobalSection(ExtensibilityGlobals) = postSolution
		SolutionGuid = {CDE422E0-B7BD-4DF1-899C-CE2235D8B68D}
	EndGlobalSection
EndGlobal
